
Microsoft Visual Studio Solution File, Format Version 12.00
# Visual Studio Version 17
VisualStudioVersion = 17.14.36915.13 d17.14
MinimumVisualStudioVersion = 10.0.40219.1
Project("{FAE04EC0-301F-11D3-BF4B-00C04F79EFBC}") = "ICN_T2", "ICN_T2\ICN_T2.csproj", "{78791597-397D-460E-956C-724EB46FA605}"
EndProject
Global
	GlobalSection(SolutionConfigurationPlatforms) = preSolution
		Debug|Any CPU = Debug|Any CPU
		Release|Any CPU = Release|Any CPU
	EndGlobalSection
	GlobalSection(ProjectConfigurationPlatforms) = postSolution
		{78791597-397D-460E-956C-724EB46FA605}.Debug|Any CPU.ActiveCfg = Debug|Any CPU
		{78791597-397D-460E-956C-724EB46FA605}.Debug|Any CPU.Build.0 = Debug|Any CPU
		{78791597-397D-460E-956C-724EB46FA605}.Release|Any CPU.ActiveCfg = Release|Any CPU
		{78791597-397D-460E-956C-724EB46FA605}.Release|Any CPU.Build.0 = Release|Any CPU
	EndGlobalSection
	GlobalSection(SolutionProperties) = preSolution
		HideSolutionNode = FALSE
	EndGlobalSection
	GlobalSection(ExtensibilityGlobals) = postSolution
		SolutionGuid = {01AB7388-E027-4840-B704-C94D39E10A5B}
	EndGlobalSection
EndGlobal
