Microsoft Visual Studio Solution File, Format Version 12.00
# Visual Studio Version 17
VisualStudioVersion = 17.5.2.0
MinimumVisualStudioVersion = 10.0.40219.1
Project("{FAE04EC0-301F-11D3-BF4B-00C04F79EFBC}") = "ICN_T2", "ICN_T2.csproj", "{464B9962-DD36-3CDF-3A78-514FE98C182A}"
EndProject
Global
	GlobalSection(SolutionConfigurationPlatforms) = preSolution
		Debug|Any CPU = Debug|Any CPU
		Release|Any CPU = Release|Any CPU
	EndGlobalSection
	GlobalSection(ProjectConfigurationPlatforms) = postSolution
		{464B9962-DD36-3CDF-3A78-514FE98C182A}.Debug|Any CPU.ActiveCfg = Debug|Any CPU
		{464B9962-DD36-3CDF-3A78-514FE98C182A}.Debug|Any CPU.Build.0 = Debug|Any CPU
		{464B9962-DD36-3CDF-3A78-514FE98C182A}.Release|Any CPU.ActiveCfg = Release|Any CPU
		{464B9962-DD36-3CDF-3A78-514FE98C182A}.Release|Any CPU.Build.0 = Release|Any CPU
	EndGlobalSection
	GlobalSection(SolutionProperties) = preSolution
		HideSolutionNode = FALSE
	EndGlobalSection
	GlobalSection(ExtensibilityGlobals) = postSolution
		SolutionGuid = {31480D79-3E0B-4FC0-942A-81671FA64F7E}
	EndGlobalSection
EndGlobal
